
Microsoft Visual Studio Solution File, Format Version 12.00
# Visual Studio Version 17
VisualStudioVersion = 17.3.32825.248
MinimumVisualStudioVersion = 10.0.40219.1
Project("{FAE04EC0-301F-11D3-BF4B-00C04F79EFBC}") = "TangyWeb_Server", "TangyWeb_Server\TangyWeb_Server.csproj", "{284A7DEA-91FA-4DE1-BEC2-0B00254AA980}"
EndProject
Global
	GlobalSection(SolutionConfigurationPlatforms) = preSolution
		Debug|Any CPU = Debug|Any CPU
		Release|Any CPU = Release|Any CPU
	EndGlobalSection
	GlobalSection(ProjectConfigurationPlatforms) = postSolution
		{284A7DEA-91FA-4DE1-BEC2-0B00254AA980}.Debug|Any CPU.ActiveCfg = Debug|Any CPU
		{284A7DEA-91FA-4DE1-BEC2-0B00254AA980}.Debug|Any CPU.Build.0 = Debug|Any CPU
		{284A7DEA-91FA-4DE1-BEC2-0B00254AA980}.Release|Any CPU.ActiveCfg = Release|Any CPU
		{284A7DEA-91FA-4DE1-BEC2-0B00254AA980}.Release|Any CPU.Build.0 = Release|Any CPU
	EndGlobalSection
	GlobalSection(SolutionProperties) = preSolution
		HideSolutionNode = FALSE
	EndGlobalSection
	GlobalSection(ExtensibilityGlobals) = postSolution
		SolutionGuid = {4F6A77F8-47D9-46AC-964C-676C3C8EC0A0}
	EndGlobalSection
EndGlobal
